
Microsoft Visual Studio Solution File, Format Version 12.00
# Visual Studio Version 17
VisualStudioVersion = 17.0.31903.59
MinimumVisualStudioVersion = 10.0.40219.1
Project("{FAE04EC0-301F-11D3-BF4B-00C04F79EFBC}") = "CalamityAffixes.Generator", "CalamityAffixes.Generator\CalamityAffixes.Generator.csproj", "{B8A5DB1C-ECCA-4CEE-8552-B1CFC6D2CB65}"
EndProject
Project("{FAE04EC0-301F-11D3-BF4B-00C04F79EFBC}") = "CalamityAffixes.Generator.Tests", "CalamityAffixes.Generator.Tests\CalamityAffixes.Generator.Tests.csproj", "{2421275D-ED55-4F6B-804C-D1A73D8048DE}"
EndProject
Project("{FAE04EC0-301F-11D3-BF4B-00C04F79EFBC}") = "CalamityAffixes.UserPatch", "CalamityAffixes.UserPatch\CalamityAffixes.UserPatch.csproj", "{16A4C94E-3B14-4D90-9112-BE3979288B9B}"
EndProject
Global
	GlobalSection(SolutionConfigurationPlatforms) = preSolution
		Debug|Any CPU = Debug|Any CPU
		Debug|x64 = Debug|x64
		Debug|x86 = Debug|x86
		Release|Any CPU = Release|Any CPU
		Release|x64 = Release|x64
		Release|x86 = Release|x86
	EndGlobalSection
	GlobalSection(ProjectConfigurationPlatforms) = postSolution
		{B8A5DB1C-ECCA-4CEE-8552-B1CFC6D2CB65}.Debug|Any CPU.ActiveCfg = Debug|Any CPU
		{B8A5DB1C-ECCA-4CEE-8552-B1CFC6D2CB65}.Debug|Any CPU.Build.0 = Debug|Any CPU
		{B8A5DB1C-ECCA-4CEE-8552-B1CFC6D2CB65}.Debug|x64.ActiveCfg = Debug|Any CPU
		{B8A5DB1C-ECCA-4CEE-8552-B1CFC6D2CB65}.Debug|x64.Build.0 = Debug|Any CPU
		{B8A5DB1C-ECCA-4CEE-8552-B1CFC6D2CB65}.Debug|x86.ActiveCfg = Debug|Any CPU
		{B8A5DB1C-ECCA-4CEE-8552-B1CFC6D2CB65}.Debug|x86.Build.0 = Debug|Any CPU
		{B8A5DB1C-ECCA-4CEE-8552-B1CFC6D2CB65}.Release|Any CPU.ActiveCfg = Release|Any CPU
		{B8A5DB1C-ECCA-4CEE-8552-B1CFC6D2CB65}.Release|Any CPU.Build.0 = Release|Any CPU
		{B8A5DB1C-ECCA-4CEE-8552-B1CFC6D2CB65}.Release|x64.ActiveCfg = Release|Any CPU
		{B8A5DB1C-ECCA-4CEE-8552-B1CFC6D2CB65}.Release|x64.Build.0 = Release|Any CPU
		{B8A5DB1C-ECCA-4CEE-8552-B1CFC6D2CB65}.Release|x86.ActiveCfg = Release|Any CPU
		{B8A5DB1C-ECCA-4CEE-8552-B1CFC6D2CB65}.Release|x86.Build.0 = Release|Any CPU
		{2421275D-ED55-4F6B-804C-D1A73D8048DE}.Debug|Any CPU.ActiveCfg = Debug|Any CPU
		{2421275D-ED55-4F6B-804C-D1A73D8048DE}.Debug|Any CPU.Build.0 = Debug|Any CPU
		{2421275D-ED55-4F6B-804C-D1A73D8048DE}.Debug|x64.ActiveCfg = Debug|Any CPU
		{2421275D-ED55-4F6B-804C-D1A73D8048DE}.Debug|x64.Build.0 = Debug|Any CPU
		{2421275D-ED55-4F6B-804C-D1A73D8048DE}.Debug|x86.ActiveCfg = Debug|Any CPU
		{2421275D-ED55-4F6B-804C-D1A73D8048DE}.Debug|x86.Build.0 = Debug|Any CPU
		{2421275D-ED55-4F6B-804C-D1A73D8048DE}.Release|Any CPU.ActiveCfg = Release|Any CPU
		{2421275D-ED55-4F6B-804C-D1A73D8048DE}.Release|Any CPU.Build.0 = Release|Any CPU
		{2421275D-ED55-4F6B-804C-D1A73D8048DE}.Release|x64.ActiveCfg = Release|Any CPU
		{2421275D-ED55-4F6B-804C-D1A73D8048DE}.Release|x64.Build.0 = Release|Any CPU
		{2421275D-ED55-4F6B-804C-D1A73D8048DE}.Release|x86.ActiveCfg = Release|Any CPU
		{2421275D-ED55-4F6B-804C-D1A73D8048DE}.Release|x86.Build.0 = Release|Any CPU
		{16A4C94E-3B14-4D90-9112-BE3979288B9B}.Debug|Any CPU.ActiveCfg = Debug|Any CPU
		{16A4C94E-3B14-4D90-9112-BE3979288B9B}.Debug|Any CPU.Build.0 = Debug|Any CPU
		{16A4C94E-3B14-4D90-9112-BE3979288B9B}.Debug|x64.ActiveCfg = Debug|Any CPU
		{16A4C94E-3B14-4D90-9112-BE3979288B9B}.Debug|x64.Build.0 = Debug|Any CPU
		{16A4C94E-3B14-4D90-9112-BE3979288B9B}.Debug|x86.ActiveCfg = Debug|Any CPU
		{16A4C94E-3B14-4D90-9112-BE3979288B9B}.Debug|x86.Build.0 = Debug|Any CPU
		{16A4C94E-3B14-4D90-9112-BE3979288B9B}.Release|Any CPU.ActiveCfg = Release|Any CPU
		{16A4C94E-3B14-4D90-9112-BE3979288B9B}.Release|Any CPU.Build.0 = Release|Any CPU
		{16A4C94E-3B14-4D90-9112-BE3979288B9B}.Release|x64.ActiveCfg = Release|Any CPU
		{16A4C94E-3B14-4D90-9112-BE3979288B9B}.Release|x64.Build.0 = Release|Any CPU
		{16A4C94E-3B14-4D90-9112-BE3979288B9B}.Release|x86.ActiveCfg = Release|Any CPU
		{16A4C94E-3B14-4D90-9112-BE3979288B9B}.Release|x86.Build.0 = Release|Any CPU
	EndGlobalSection
	GlobalSection(SolutionProperties) = preSolution
		HideSolutionNode = FALSE
	EndGlobalSection
EndGlobal
